
Microsoft Visual Studio Solution File, Format Version 12.00
# Visual Studio 2012
Project("{F2A71F9B-5D33-465A-A702-920D77279786}") = "Markdown", "Markdown\Markdown.fsproj", "{86CBA430-61FC-46C1-BE70-2CC226FD145C}"
EndProject
Global
	GlobalSection(SolutionConfigurationPlatforms) = preSolution
		Debug|x86 = Debug|x86
		Release|x86 = Release|x86
	EndGlobalSection
	GlobalSection(ProjectConfigurationPlatforms) = postSolution
		{86CBA430-61FC-46C1-BE70-2CC226FD145C}.Debug|x86.ActiveCfg = Debug|x86
		{86CBA430-61FC-46C1-BE70-2CC226FD145C}.Debug|x86.Build.0 = Debug|x86
		{86CBA430-61FC-46C1-BE70-2CC226FD145C}.Release|x86.ActiveCfg = Release|x86
		{86CBA430-61FC-46C1-BE70-2CC226FD145C}.Release|x86.Build.0 = Release|x86
	EndGlobalSection
	GlobalSection(SolutionProperties) = preSolution
		HideSolutionNode = FALSE
	EndGlobalSection
EndGlobal
